
Microsoft Visual Studio Solution File, Format Version 12.00
# Visual Studio Version 16
VisualStudioVersion = 16.0.29102.190
MinimumVisualStudioVersion = 10.0.40219.1
Project("{9A19103F-16F7-4668-BE54-9A1E7A4F7556}") = "Unidevel.OpenWeather", "src\Unidevel.OpenWeather\Unidevel.OpenWeather.csproj", "{344D5C16-5E5F-47F8-9B3E-158DEA0D8544}"
EndProject
Global
	GlobalSection(SolutionConfigurationPlatforms) = preSolution
		Debug|Any CPU = Debug|Any CPU
		Release|Any CPU = Release|Any CPU
	EndGlobalSection
	GlobalSection(ProjectConfigurationPlatforms) = postSolution
		{344D5C16-5E5F-47F8-9B3E-158DEA0D8544}.Debug|Any CPU.ActiveCfg = Debug|Any CPU
		{344D5C16-5E5F-47F8-9B3E-158DEA0D8544}.Debug|Any CPU.Build.0 = Debug|Any CPU
		{344D5C16-5E5F-47F8-9B3E-158DEA0D8544}.Release|Any CPU.ActiveCfg = Release|Any CPU
		{344D5C16-5E5F-47F8-9B3E-158DEA0D8544}.Release|Any CPU.Build.0 = Release|Any CPU
	EndGlobalSection
	GlobalSection(SolutionProperties) = preSolution
		HideSolutionNode = FALSE
	EndGlobalSection
	GlobalSection(ExtensibilityGlobals) = postSolution
		SolutionGuid = {5110FC51-5847-45CB-98F3-8DC7166D94C6}
	EndGlobalSection
EndGlobal
